// !$*UTF8*$!
{
	archiveVersion = 1;
	classes = {
	};
	objectVersion = 48;
	objects = {

/* Begin PBXBuildFile section */
		024F03C779EA5F2146A3B08F /* Pods_HeyYouProject.framework in Frameworks */ = {isa = PBXBuildFile; fileRef = 08777A1E32D1BB1BF1E18DB0 /* Pods_HeyYouProject.framework */; };
		860208461F7AD42500BA45CE /* SettingsTableViewCell_Section0.swift in Sources */ = {isa = PBXBuildFile; fileRef = 860208451F7AD42500BA45CE /* SettingsTableViewCell_Section0.swift */; };
		860208481F7AD43F00BA45CE /* SettingsTableViewCell_Section1.swift in Sources */ = {isa = PBXBuildFile; fileRef = 860208471F7AD43F00BA45CE /* SettingsTableViewCell_Section1.swift */; };
		862422091F7A258300365242 /* HeaderViewSectionHeymesses.swift in Sources */ = {isa = PBXBuildFile; fileRef = 862422081F7A258300365242 /* HeaderViewSectionHeymesses.swift */; };
		8624220C1F7A29C300365242 /* Helpers.swift in Sources */ = {isa = PBXBuildFile; fileRef = 8624220B1F7A29C300365242 /* Helpers.swift */; };
		8624220E1F7A3CBB00365242 /* SettingsController.swift in Sources */ = {isa = PBXBuildFile; fileRef = 8624220D1F7A3CBB00365242 /* SettingsController.swift */; };
		86496B1D1F754971000CA673 /* CustomNavigationBar.swift in Sources */ = {isa = PBXBuildFile; fileRef = 86496B1C1F754971000CA673 /* CustomNavigationBar.swift */; };
		86496B1F1F754981000CA673 /* ForYouCell.swift in Sources */ = {isa = PBXBuildFile; fileRef = 86496B1E1F754981000CA673 /* ForYouCell.swift */; };
		86496B211F754998000CA673 /* YourGreateHeyMessesCell.swift in Sources */ = {isa = PBXBuildFile; fileRef = 86496B201F754998000CA673 /* YourGreateHeyMessesCell.swift */; };
		868AC5E61F77A24D0007ADD6 /* YourGreatHeyMessesController.swift in Sources */ = {isa = PBXBuildFile; fileRef = 868AC5E51F77A24D0007ADD6 /* YourGreatHeyMessesController.swift */; };
		868AC5E81F77A51D0007ADD6 /* ForYouController.swift in Sources */ = {isa = PBXBuildFile; fileRef = 868AC5E71F77A51D0007ADD6 /* ForYouController.swift */; };
		86AAF6A21F7CFA8C00CC5DB0 /* sendButton.json in Resources */ = {isa = PBXBuildFile; fileRef = 86AAF6A01F7CFA8C00CC5DB0 /* sendButton.json */; };
		86AAF6A31F7CFA8C00CC5DB0 /* likeButton.json in Resources */ = {isa = PBXBuildFile; fileRef = 86AAF6A11F7CFA8C00CC5DB0 /* likeButton.json */; };
		86B3172E1F78D31B0051A8B4 /* InfoUserTableViewCell.swift in Sources */ = {isa = PBXBuildFile; fileRef = 86B3172D1F78D31B0051A8B4 /* InfoUserTableViewCell.swift */; };
		86B317321F78D3FF0051A8B4 /* YourGreatHeymessesTableViewCell.swift in Sources */ = {isa = PBXBuildFile; fileRef = 86B317311F78D3FF0051A8B4 /* YourGreatHeymessesTableViewCell.swift */; };
		86B317341F78D5580051A8B4 /* InfoUserController.swift in Sources */ = {isa = PBXBuildFile; fileRef = 86B317331F78D5580051A8B4 /* InfoUserController.swift */; };
		86B317361F78D5A90051A8B4 /* HeymessController.swift in Sources */ = {isa = PBXBuildFile; fileRef = 86B317351F78D5A90051A8B4 /* HeymessController.swift */; };
		86BFCA901F75279300C9F50C /* AppDelegate.swift in Sources */ = {isa = PBXBuildFile; fileRef = 86BFCA8F1F75279300C9F50C /* AppDelegate.swift */; };
		86BFCA921F75279300C9F50C /* FrameController.swift in Sources */ = {isa = PBXBuildFile; fileRef = 86BFCA911F75279300C9F50C /* FrameController.swift */; };
		86BFCA951F75279300C9F50C /* Main.storyboard in Resources */ = {isa = PBXBuildFile; fileRef = 86BFCA931F75279300C9F50C /* Main.storyboard */; };
		86BFCA981F75279300C9F50C /* HeyYouProject.xcdatamodeld in Sources */ = {isa = PBXBuildFile; fileRef = 86BFCA961F75279300C9F50C /* HeyYouProject.xcdatamodeld */; };
		86BFCA9A1F75279300C9F50C /* Assets.xcassets in Resources */ = {isa = PBXBuildFile; fileRef = 86BFCA991F75279300C9F50C /* Assets.xcassets */; };
		86BFCA9D1F75279300C9F50C /* LaunchScreen.storyboard in Resources */ = {isa = PBXBuildFile; fileRef = 86BFCA9B1F75279300C9F50C /* LaunchScreen.storyboard */; };
		86C020821F7915CD009C5081 /* LauchController.swift in Sources */ = {isa = PBXBuildFile; fileRef = 86C020811F7915CD009C5081 /* LauchController.swift */; };
		86E68B881F7814870018D81D /* ShareInfoButton.json in Resources */ = {isa = PBXBuildFile; fileRef = 86E68B871F7814870018D81D /* ShareInfoButton.json */; };
		86E68B8A1F781B880018D81D /* WritingHeyMessButton.json in Resources */ = {isa = PBXBuildFile; fileRef = 86E68B891F781B880018D81D /* WritingHeyMessButton.json */; };
/* End PBXBuildFile section */

/* Begin PBXFileReference section */
		08777A1E32D1BB1BF1E18DB0 /* Pods_HeyYouProject.framework */ = {isa = PBXFileReference; explicitFileType = wrapper.framework; includeInIndex = 0; path = Pods_HeyYouProject.framework; sourceTree = BUILT_PRODUCTS_DIR; };
		5A7B5673AD68D6E12B7F039A /* Pods-HeyYouProject.debug.xcconfig */ = {isa = PBXFileReference; includeInIndex = 1; lastKnownFileType = text.xcconfig; name = "Pods-HeyYouProject.debug.xcconfig"; path = "Pods/Target Support Files/Pods-HeyYouProject/Pods-HeyYouProject.debug.xcconfig"; sourceTree = "<group>"; };
		860208451F7AD42500BA45CE /* SettingsTableViewCell_Section0.swift */ = {isa = PBXFileReference; lastKnownFileType = sourcecode.swift; path = SettingsTableViewCell_Section0.swift; sourceTree = "<group>"; };
		860208471F7AD43F00BA45CE /* SettingsTableViewCell_Section1.swift */ = {isa = PBXFileReference; lastKnownFileType = sourcecode.swift; path = SettingsTableViewCell_Section1.swift; sourceTree = "<group>"; };
		862422081F7A258300365242 /* HeaderViewSectionHeymesses.swift */ = {isa = PBXFileReference; lastKnownFileType = sourcecode.swift; path = HeaderViewSectionHeymesses.swift; sourceTree = "<group>"; };
		8624220B1F7A29C300365242 /* Helpers.swift */ = {isa = PBXFileReference; lastKnownFileType = sourcecode.swift; path = Helpers.swift; sourceTree = "<group>"; };
		8624220D1F7A3CBB00365242 /* SettingsController.swift */ = {isa = PBXFileReference; lastKnownFileType = sourcecode.swift; path = SettingsController.swift; sourceTree = "<group>"; };
		86496B1C1F754971000CA673 /* CustomNavigationBar.swift */ = {isa = PBXFileReference; lastKnownFileType = sourcecode.swift; path = CustomNavigationBar.swift; sourceTree = "<group>"; };
		86496B1E1F754981000CA673 /* ForYouCell.swift */ = {isa = PBXFileReference; lastKnownFileType = sourcecode.swift; path = ForYouCell.swift; sourceTree = "<group>"; };
		86496B201F754998000CA673 /* YourGreateHeyMessesCell.swift */ = {isa = PBXFileReference; lastKnownFileType = sourcecode.swift; path = YourGreateHeyMessesCell.swift; sourceTree = "<group>"; };
		868AC5E51F77A24D0007ADD6 /* YourGreatHeyMessesController.swift */ = {isa = PBXFileReference; lastKnownFileType = sourcecode.swift; path = YourGreatHeyMessesController.swift; sourceTree = "<group>"; };
		868AC5E71F77A51D0007ADD6 /* ForYouController.swift */ = {isa = PBXFileReference; lastKnownFileType = sourcecode.swift; path = ForYouController.swift; sourceTree = "<group>"; };
		86AAF6A01F7CFA8C00CC5DB0 /* sendButton.json */ = {isa = PBXFileReference; fileEncoding = 4; lastKnownFileType = text.json; name = sendButton.json; path = "../../../../../Desktop/HeyYou/HeyYou/Animation Icons/sendButton.json"; sourceTree = "<group>"; };
		86AAF6A11F7CFA8C00CC5DB0 /* likeButton.json */ = {isa = PBXFileReference; fileEncoding = 4; lastKnownFileType = text.json; name = likeButton.json; path = "../../../../../Desktop/HeyYou/HeyYou/Animation Icons/likeButton.json"; sourceTree = "<group>"; };
		86B3172D1F78D31B0051A8B4 /* InfoUserTableViewCell.swift */ = {isa = PBXFileReference; lastKnownFileType = sourcecode.swift; path = InfoUserTableViewCell.swift; sourceTree = "<group>"; };
		86B317311F78D3FF0051A8B4 /* YourGreatHeymessesTableViewCell.swift */ = {isa = PBXFileReference; lastKnownFileType = sourcecode.swift; path = YourGreatHeymessesTableViewCell.swift; sourceTree = "<group>"; };
		86B317331F78D5580051A8B4 /* InfoUserController.swift */ = {isa = PBXFileReference; lastKnownFileType = sourcecode.swift; path = InfoUserController.swift; sourceTree = "<group>"; };
		86B317351F78D5A90051A8B4 /* HeymessController.swift */ = {isa = PBXFileReference; lastKnownFileType = sourcecode.swift; path = HeymessController.swift; sourceTree = "<group>"; };
		86BFCA8C1F75279300C9F50C /* HeyYouProject.app */ = {isa = PBXFileReference; explicitFileType = wrapper.application; includeInIndex = 0; path = HeyYouProject.app; sourceTree = BUILT_PRODUCTS_DIR; };
		86BFCA8F1F75279300C9F50C /* AppDelegate.swift */ = {isa = PBXFileReference; lastKnownFileType = sourcecode.swift; path = AppDelegate.swift; sourceTree = "<group>"; };
		86BFCA911F75279300C9F50C /* FrameController.swift */ = {isa = PBXFileReference; lastKnownFileType = sourcecode.swift; path = FrameController.swift; sourceTree = "<group>"; };
		86BFCA941F75279300C9F50C /* Base */ = {isa = PBXFileReference; lastKnownFileType = file.storyboard; name = Base; path = Base.lproj/Main.storyboard; sourceTree = "<group>"; };
		86BFCA971F75279300C9F50C /* HeyYouProject.xcdatamodel */ = {isa = PBXFileReference; lastKnownFileType = wrapper.xcdatamodel; path = HeyYouProject.xcdatamodel; sourceTree = "<group>"; };
		86BFCA991F75279300C9F50C /* Assets.xcassets */ = {isa = PBXFileReference; lastKnownFileType = folder.assetcatalog; path = Assets.xcassets; sourceTree = "<group>"; };
		86BFCA9C1F75279300C9F50C /* Base */ = {isa = PBXFileReference; lastKnownFileType = file.storyboard; name = Base; path = Base.lproj/LaunchScreen.storyboard; sourceTree = "<group>"; };
		86BFCA9E1F75279300C9F50C /* Info.plist */ = {isa = PBXFileReference; lastKnownFileType = text.plist.xml; path = Info.plist; sourceTree = "<group>"; };
		86C020811F7915CD009C5081 /* LauchController.swift */ = {isa = PBXFileReference; lastKnownFileType = sourcecode.swift; path = LauchController.swift; sourceTree = "<group>"; };
		86E68B871F7814870018D81D /* ShareInfoButton.json */ = {isa = PBXFileReference; fileEncoding = 4; lastKnownFileType = text.json; name = ShareInfoButton.json; path = ../../../../../Desktop/ShareInfoButton.json; sourceTree = "<group>"; };
		86E68B891F781B880018D81D /* WritingHeyMessButton.json */ = {isa = PBXFileReference; fileEncoding = 4; lastKnownFileType = text.json; name = WritingHeyMessButton.json; path = ../../../../../Desktop/WritingHeyMessButton.json; sourceTree = "<group>"; };
		DDBB5E0C33352AEBA5FEA01B /* Pods-HeyYouProject.release.xcconfig */ = {isa = PBXFileReference; includeInIndex = 1; lastKnownFileType = text.xcconfig; name = "Pods-HeyYouProject.release.xcconfig"; path = "Pods/Target Support Files/Pods-HeyYouProject/Pods-HeyYouProject.release.xcconfig"; sourceTree = "<group>"; };
/* End PBXFileReference section */

/* Begin PBXFrameworksBuildPhase section */
		86BFCA891F75279300C9F50C /* Frameworks */ = {
			isa = PBXFrameworksBuildPhase;
			buildActionMask = 2147483647;
			files = (
				024F03C779EA5F2146A3B08F /* Pods_HeyYouProject.framework in Frameworks */,
			);
			runOnlyForDeploymentPostprocessing = 0;
		};
/* End PBXFrameworksBuildPhase section */

/* Begin PBXGroup section */
		690F1E744DB8B8C3314C83BE /* Pods */ = {
			isa = PBXGroup;
			children = (
				5A7B5673AD68D6E12B7F039A /* Pods-HeyYouProject.debug.xcconfig */,
				DDBB5E0C33352AEBA5FEA01B /* Pods-HeyYouProject.release.xcconfig */,
			);
			name = Pods;
			sourceTree = "<group>";
		};
		8624220A1F7A29A200365242 /* Utilities */ = {
			isa = PBXGroup;
			children = (
				8624220B1F7A29C300365242 /* Helpers.swift */,
			);
			path = Utilities;
			sourceTree = "<group>";
		};
		86496B191F75493E000CA673 /* Supporting Files */ = {
			isa = PBXGroup;
			children = (
				86BFCA8F1F75279300C9F50C /* AppDelegate.swift */,
				86BFCA931F75279300C9F50C /* Main.storyboard */,
				86BFCA991F75279300C9F50C /* Assets.xcassets */,
				86BFCA9B1F75279300C9F50C /* LaunchScreen.storyboard */,
				86BFCA9E1F75279300C9F50C /* Info.plist */,
				86BFCA961F75279300C9F50C /* HeyYouProject.xcdatamodeld */,
			);
			path = "Supporting Files";
			sourceTree = "<group>";
		};
		86496B1A1F75494C000CA673 /* Controllers */ = {
			isa = PBXGroup;
			children = (
				86C020811F7915CD009C5081 /* LauchController.swift */,
				86BFCA911F75279300C9F50C /* FrameController.swift */,
				868AC5E71F77A51D0007ADD6 /* ForYouController.swift */,
				868AC5E51F77A24D0007ADD6 /* YourGreatHeyMessesController.swift */,
				86B317331F78D5580051A8B4 /* InfoUserController.swift */,
				86B317351F78D5A90051A8B4 /* HeymessController.swift */,
				8624220D1F7A3CBB00365242 /* SettingsController.swift */,
			);
			path = Controllers;
			sourceTree = "<group>";
		};
		86496B1B1F75495A000CA673 /* Views */ = {
			isa = PBXGroup;
			children = (
				86496B1C1F754971000CA673 /* CustomNavigationBar.swift */,
				86496B1E1F754981000CA673 /* ForYouCell.swift */,
				86496B201F754998000CA673 /* YourGreateHeyMessesCell.swift */,
				86B3172D1F78D31B0051A8B4 /* InfoUserTableViewCell.swift */,
				862422081F7A258300365242 /* HeaderViewSectionHeymesses.swift */,
				86B317311F78D3FF0051A8B4 /* YourGreatHeymessesTableViewCell.swift */,
				860208451F7AD42500BA45CE /* SettingsTableViewCell_Section0.swift */,
				860208471F7AD43F00BA45CE /* SettingsTableViewCell_Section1.swift */,
			);
			path = Views;
			sourceTree = "<group>";
		};
		86BFCA831F75279300C9F50C = {
			isa = PBXGroup;
			children = (
				86BFCA8E1F75279300C9F50C /* HeyYouProject */,
				86BFCA8D1F75279300C9F50C /* Products */,
				690F1E744DB8B8C3314C83BE /* Pods */,
				FFD4E7CA21F8EA158202F1A4 /* Frameworks */,
			);
			sourceTree = "<group>";
		};
		86BFCA8D1F75279300C9F50C /* Products */ = {
			isa = PBXGroup;
			children = (
				86BFCA8C1F75279300C9F50C /* HeyYouProject.app */,
			);
			name = Products;
			sourceTree = "<group>";
		};
		86BFCA8E1F75279300C9F50C /* HeyYouProject */ = {
			isa = PBXGroup;
			children = (
				8624220A1F7A29A200365242 /* Utilities */,
				86E68B841F7811910018D81D /* Animation Icons */,
				86496B1B1F75495A000CA673 /* Views */,
				86496B1A1F75494C000CA673 /* Controllers */,
				86496B191F75493E000CA673 /* Supporting Files */,
			);
			path = HeyYouProject;
			sourceTree = "<group>";
		};
		86E68B841F7811910018D81D /* Animation Icons */ = {
			isa = PBXGroup;
			children = (
				86AAF6A11F7CFA8C00CC5DB0 /* likeButton.json */,
				86AAF6A01F7CFA8C00CC5DB0 /* sendButton.json */,
				86E68B891F781B880018D81D /* WritingHeyMessButton.json */,
				86E68B871F7814870018D81D /* ShareInfoButton.json */,
			);
			path = "Animation Icons";
			sourceTree = "<group>";
		};
		FFD4E7CA21F8EA158202F1A4 /* Frameworks */ = {
			isa = PBXGroup;
			children = (
				08777A1E32D1BB1BF1E18DB0 /* Pods_HeyYouProject.framework */,
			);
			name = Frameworks;
			sourceTree = "<group>";
		};
/* End PBXGroup section */

/* Begin PBXNativeTarget section */
		86BFCA8B1F75279300C9F50C /* HeyYouProject */ = {
			isa = PBXNativeTarget;
			buildConfigurationList = 86BFCAA11F75279300C9F50C /* Build configuration list for PBXNativeTarget "HeyYouProject" */;
			buildPhases = (
				AED1295F80E6C4109D9143B4 /* [CP] Check Pods Manifest.lock */,
				86BFCA881F75279300C9F50C /* Sources */,
				86BFCA891F75279300C9F50C /* Frameworks */,
				86BFCA8A1F75279300C9F50C /* Resources */,
				7ACF5B129F31DF156F47683B /* [CP] Embed Pods Frameworks */,
				16C19C286CDA27AD71F4784C /* [CP] Copy Pods Resources */,
			);
			buildRules = (
			);
			dependencies = (
			);
			name = HeyYouProject;
			productName = HeyYouProject;
			productReference = 86BFCA8C1F75279300C9F50C /* HeyYouProject.app */;
			productType = "com.apple.product-type.application";
		};
/* End PBXNativeTarget section */

/* Begin PBXProject section */
		86BFCA841F75279300C9F50C /* Project object */ = {
			isa = PBXProject;
			attributes = {
				LastSwiftUpdateCheck = 0900;
				LastUpgradeCheck = 0900;
				ORGANIZATIONNAME = "Nguyen Huu Phong";
				TargetAttributes = {
					86BFCA8B1F75279300C9F50C = {
						CreatedOnToolsVersion = 9.0;
						ProvisioningStyle = Automatic;
					};
				};
			};
			buildConfigurationList = 86BFCA871F75279300C9F50C /* Build configuration list for PBXProject "HeyYouProject" */;
			compatibilityVersion = "Xcode 8.0";
			developmentRegion = en;
			hasScannedForEncodings = 0;
			knownRegions = (
				en,
				Base,
			);
			mainGroup = 86BFCA831F75279300C9F50C;
			productRefGroup = 86BFCA8D1F75279300C9F50C /* Products */;
			projectDirPath = "";
			projectRoot = "";
			targets = (
				86BFCA8B1F75279300C9F50C /* HeyYouProject */,
			);
		};
/* End PBXProject section */

/* Begin PBXResourcesBuildPhase section */
		86BFCA8A1F75279300C9F50C /* Resources */ = {
			isa = PBXResourcesBuildPhase;
			buildActionMask = 2147483647;
			files = (
				86BFCA9D1F75279300C9F50C /* LaunchScreen.storyboard in Resources */,
				86BFCA9A1F75279300C9F50C /* Assets.xcassets in Resources */,
				86BFCA951F75279300C9F50C /* Main.storyboard in Resources */,
				86AAF6A21F7CFA8C00CC5DB0 /* sendButton.json in Resources */,
				86E68B881F7814870018D81D /* ShareInfoButton.json in Resources */,
				86E68B8A1F781B880018D81D /* WritingHeyMessButton.json in Resources */,
				86AAF6A31F7CFA8C00CC5DB0 /* likeButton.json in Resources */,
			);
			runOnlyForDeploymentPostprocessing = 0;
		};
/* End PBXResourcesBuildPhase section */

/* Begin PBXShellScriptBuildPhase section */
		16C19C286CDA27AD71F4784C /* [CP] Copy Pods Resources */ = {
			isa = PBXShellScriptBuildPhase;
			buildActionMask = 2147483647;
			files = (
			);
			inputPaths = (
			);
			name = "[CP] Copy Pods Resources";
			outputPaths = (
			);
			runOnlyForDeploymentPostprocessing = 0;
			shellPath = /bin/sh;
			shellScript = "\"${SRCROOT}/Pods/Target Support Files/Pods-HeyYouProject/Pods-HeyYouProject-resources.sh\"\n";
			showEnvVarsInLog = 0;
		};
		7ACF5B129F31DF156F47683B /* [CP] Embed Pods Frameworks */ = {
			isa = PBXShellScriptBuildPhase;
			buildActionMask = 2147483647;
			files = (
			);
			inputPaths = (
				"${SRCROOT}/Pods/Target Support Files/Pods-HeyYouProject/Pods-HeyYouProject-frameworks.sh",
				"${BUILT_PRODUCTS_DIR}/LBTAComponents/LBTAComponents.framework",
				"${BUILT_PRODUCTS_DIR}/lottie-ios/Lottie.framework",
			);
			name = "[CP] Embed Pods Frameworks";
			outputPaths = (
				"${TARGET_BUILD_DIR}/${FRAMEWORKS_FOLDER_PATH}/LBTAComponents.framework",
				"${TARGET_BUILD_DIR}/${FRAMEWORKS_FOLDER_PATH}/Lottie.framework",
			);
			runOnlyForDeploymentPostprocessing = 0;
			shellPath = /bin/sh;
			shellScript = "\"${SRCROOT}/Pods/Target Support Files/Pods-HeyYouProject/Pods-HeyYouProject-frameworks.sh\"\n";
			showEnvVarsInLog = 0;
		};
		AED1295F80E6C4109D9143B4 /* [CP] Check Pods Manifest.lock */ = {
			isa = PBXShellScriptBuildPhase;
			buildActionMask = 2147483647;
			files = (
			);
			inputPaths = (
				"${PODS_PODFILE_DIR_PATH}/Podfile.lock",
				"${PODS_ROOT}/Manifest.lock",
			);
			name = "[CP] Check Pods Manifest.lock";
			outputPaths = (
				"$(DERIVED_FILE_DIR)/Pods-HeyYouProject-checkManifestLockResult.txt",
			);
			runOnlyForDeploymentPostprocessing = 0;
			shellPath = /bin/sh;
			shellScript = "diff \"${PODS_PODFILE_DIR_PATH}/Podfile.lock\" \"${PODS_ROOT}/Manifest.lock\" > /dev/null\nif [ $? != 0 ] ; then\n    # print error to STDERR\n    echo \"error: The sandbox is not in sync with the Podfile.lock. Run 'pod install' or update your CocoaPods installation.\" >&2\n    exit 1\nfi\n# This output is used by Xcode 'outputs' to avoid re-running this script phase.\necho \"SUCCESS\" > \"${SCRIPT_OUTPUT_FILE_0}\"\n";
			showEnvVarsInLog = 0;
		};
/* End PBXShellScriptBuildPhase section */

/* Begin PBXSourcesBuildPhase section */
		86BFCA881F75279300C9F50C /* Sources */ = {
			isa = PBXSourcesBuildPhase;
			buildActionMask = 2147483647;
			files = (
				86496B1D1F754971000CA673 /* CustomNavigationBar.swift in Sources */,
				868AC5E81F77A51D0007ADD6 /* ForYouController.swift in Sources */,
				86BFCA921F75279300C9F50C /* FrameController.swift in Sources */,
				86BFCA901F75279300C9F50C /* AppDelegate.swift in Sources */,
				86B3172E1F78D31B0051A8B4 /* InfoUserTableViewCell.swift in Sources */,
				86BFCA981F75279300C9F50C /* HeyYouProject.xcdatamodeld in Sources */,
				862422091F7A258300365242 /* HeaderViewSectionHeymesses.swift in Sources */,
				860208461F7AD42500BA45CE /* SettingsTableViewCell_Section0.swift in Sources */,
				86B317341F78D5580051A8B4 /* InfoUserController.swift in Sources */,
				8624220E1F7A3CBB00365242 /* SettingsController.swift in Sources */,
				860208481F7AD43F00BA45CE /* SettingsTableViewCell_Section1.swift in Sources */,
				86C020821F7915CD009C5081 /* LauchController.swift in Sources */,
				86496B1F1F754981000CA673 /* ForYouCell.swift in Sources */,
				86B317361F78D5A90051A8B4 /* HeymessController.swift in Sources */,
				86B317321F78D3FF0051A8B4 /* YourGreatHeymessesTableViewCell.swift in Sources */,
				868AC5E61F77A24D0007ADD6 /* YourGreatHeyMessesController.swift in Sources */,
				8624220C1F7A29C300365242 /* Helpers.swift in Sources */,
				86496B211F754998000CA673 /* YourGreateHeyMessesCell.swift in Sources */,
			);
			runOnlyForDeploymentPostprocessing = 0;
		};
/* End PBXSourcesBuildPhase section */

/* Begin PBXVariantGroup section */
		86BFCA931F75279300C9F50C /* Main.storyboard */ = {
			isa = PBXVariantGroup;
			children = (
				86BFCA941F75279300C9F50C /* Base */,
			);
			name = Main.storyboard;
			sourceTree = "<group>";
		};
		86BFCA9B1F75279300C9F50C /* LaunchScreen.storyboard */ = {
			isa = PBXVariantGroup;
			children = (
				86BFCA9C1F75279300C9F50C /* Base */,
			);
			name = LaunchScreen.storyboard;
			sourceTree = "<group>";
		};
/* End PBXVariantGroup section */

/* Begin XCBuildConfiguration section */
		86BFCA9F1F75279300C9F50C /* Debug */ = {
			isa = XCBuildConfiguration;
			buildSettings = {
				ALWAYS_SEARCH_USER_PATHS = NO;
				CLANG_ANALYZER_NONNULL = YES;
				CLANG_ANALYZER_NUMBER_OBJECT_CONVERSION = YES_AGGRESSIVE;
				CLANG_CXX_LANGUAGE_STANDARD = "gnu++14";
				CLANG_CXX_LIBRARY = "libc++";
				CLANG_ENABLE_MODULES = YES;
				CLANG_ENABLE_OBJC_ARC = YES;
				CLANG_WARN_BLOCK_CAPTURE_AUTORELEASING = YES;
				CLANG_WARN_BOOL_CONVERSION = YES;
				CLANG_WARN_COMMA = YES;
				CLANG_WARN_CONSTANT_CONVERSION = YES;
				CLANG_WARN_DIRECT_OBJC_ISA_USAGE = YES_ERROR;
				CLANG_WARN_DOCUMENTATION_COMMENTS = YES;
				CLANG_WARN_EMPTY_BODY = YES;
				CLANG_WARN_ENUM_CONVERSION = YES;
				CLANG_WARN_INFINITE_RECURSION = YES;
				CLANG_WARN_INT_CONVERSION = YES;
				CLANG_WARN_NON_LITERAL_NULL_CONVERSION = YES;
				CLANG_WARN_OBJC_LITERAL_CONVERSION = YES;
				CLANG_WARN_OBJC_ROOT_CLASS = YES_ERROR;
				CLANG_WARN_RANGE_LOOP_ANALYSIS = YES;
				CLANG_WARN_STRICT_PROTOTYPES = YES;
				CLANG_WARN_SUSPICIOUS_MOVE = YES;
				CLANG_WARN_UNGUARDED_AVAILABILITY = YES_AGGRESSIVE;
				CLANG_WARN_UNREACHABLE_CODE = YES;
				CLANG_WARN__DUPLICATE_METHOD_MATCH = YES;
				CODE_SIGN_IDENTITY = "iPhone Developer";
				COPY_PHASE_STRIP = NO;
				DEBUG_INFORMATION_FORMAT = dwarf;
				ENABLE_STRICT_OBJC_MSGSEND = YES;
				ENABLE_TESTABILITY = YES;
				GCC_C_LANGUAGE_STANDARD = gnu11;
				GCC_DYNAMIC_NO_PIC = NO;
				GCC_NO_COMMON_BLOCKS = YES;
				GCC_OPTIMIZATION_LEVEL = 0;
				GCC_PREPROCESSOR_DEFINITIONS = (
					"DEBUG=1",
					"$(inherited)",
				);
				GCC_WARN_64_TO_32_BIT_CONVERSION = YES;
				GCC_WARN_ABOUT_RETURN_TYPE = YES_ERROR;
				GCC_WARN_UNDECLARED_SELECTOR = YES;
				GCC_WARN_UNINITIALIZED_AUTOS = YES_AGGRESSIVE;
				GCC_WARN_UNUSED_FUNCTION = YES;
				GCC_WARN_UNUSED_VARIABLE = YES;
				IPHONEOS_DEPLOYMENT_TARGET = 11.0;
				MTL_ENABLE_DEBUG_INFO = YES;
				ONLY_ACTIVE_ARCH = YES;
				SDKROOT = iphoneos;
				SWIFT_ACTIVE_COMPILATION_CONDITIONS = DEBUG;
				SWIFT_OPTIMIZATION_LEVEL = "-Onone";
			};
			name = Debug;
		};
		86BFCAA01F75279300C9F50C /* Release */ = {
			isa = XCBuildConfiguration;
			buildSettings = {
				ALWAYS_SEARCH_USER_PATHS = NO;
				CLANG_ANALYZER_NONNULL = YES;
				CLANG_ANALYZER_NUMBER_OBJECT_CONVERSION = YES_AGGRESSIVE;
				CLANG_CXX_LANGUAGE_STANDARD = "gnu++14";
				CLANG_CXX_LIBRARY = "libc++";
				CLANG_ENABLE_MODULES = YES;
				CLANG_ENABLE_OBJC_ARC = YES;
				CLANG_WARN_BLOCK_CAPTURE_AUTORELEASING = YES;
				CLANG_WARN_BOOL_CONVERSION = YES;
				CLANG_WARN_COMMA = YES;
				CLANG_WARN_CONSTANT_CONVERSION = YES;
				CLANG_WARN_DIRECT_OBJC_ISA_USAGE = YES_ERROR;
				CLANG_WARN_DOCUMENTATION_COMMENTS = YES;
				CLANG_WARN_EMPTY_BODY = YES;
				CLANG_WARN_ENUM_CONVERSION = YES;
				CLANG_WARN_INFINITE_RECURSION = YES;
				CLANG_WARN_INT_CONVERSION = YES;
				CLANG_WARN_NON_LITERAL_NULL_CONVERSION = YES;
				CLANG_WARN_OBJC_LITERAL_CONVERSION = YES;
				CLANG_WARN_OBJC_ROOT_CLASS = YES_ERROR;
				CLANG_WARN_RANGE_LOOP_ANALYSIS = YES;
				CLANG_WARN_STRICT_PROTOTYPES = YES;
				CLANG_WARN_SUSPICIOUS_MOVE = YES;
				CLANG_WARN_UNGUARDED_AVAILABILITY = YES_AGGRESSIVE;
				CLANG_WARN_UNREACHABLE_CODE = YES;
				CLANG_WARN__DUPLICATE_METHOD_MATCH = YES;
				CODE_SIGN_IDENTITY = "iPhone Developer";
				COPY_PHASE_STRIP = NO;
				DEBUG_INFORMATION_FORMAT = "dwarf-with-dsym";
				ENABLE_NS_ASSERTIONS = NO;
				ENABLE_STRICT_OBJC_MSGSEND = YES;
				GCC_C_LANGUAGE_STANDARD = gnu11;
				GCC_NO_COMMON_BLOCKS = YES;
				GCC_WARN_64_TO_32_BIT_CONVERSION = YES;
				GCC_WARN_ABOUT_RETURN_TYPE = YES_ERROR;
				GCC_WARN_UNDECLARED_SELECTOR = YES;
				GCC_WARN_UNINITIALIZED_AUTOS = YES_AGGRESSIVE;
				GCC_WARN_UNUSED_FUNCTION = YES;
				GCC_WARN_UNUSED_VARIABLE = YES;
				IPHONEOS_DEPLOYMENT_TARGET = 11.0;
				MTL_ENABLE_DEBUG_INFO = NO;
				SDKROOT = iphoneos;
				SWIFT_OPTIMIZATION_LEVEL = "-Owholemodule";
				VALIDATE_PRODUCT = YES;
			};
			name = Release;
		};
		86BFCAA21F75279300C9F50C /* Debug */ = {
			isa = XCBuildConfiguration;
			baseConfigurationReference = 5A7B5673AD68D6E12B7F039A /* Pods-HeyYouProject.debug.xcconfig */;
			buildSettings = {
				ASSETCATALOG_COMPILER_APPICON_NAME = AppIcon;
				CODE_SIGN_STYLE = Automatic;
				DEVELOPMENT_TEAM = N3H5U54E25;
				INFOPLIST_FILE = "$(SRCROOT)/HeyYouProject/Supporting Files/Info.plist";
				IPHONEOS_DEPLOYMENT_TARGET = 11.0;
				LD_RUNPATH_SEARCH_PATHS = "$(inherited) @executable_path/Frameworks";
				PRODUCT_BUNDLE_IDENTIFIER = com.huuphongnguyen.heyyouproject.HeyYouProject;
				PRODUCT_NAME = "$(TARGET_NAME)";
				SWIFT_VERSION = 4.0;
				TARGETED_DEVICE_FAMILY = "1,2";
			};
			name = Debug;
		};
		86BFCAA31F75279300C9F50C /* Release */ = {
			isa = XCBuildConfiguration;
			baseConfigurationReference = DDBB5E0C33352AEBA5FEA01B /* Pods-HeyYouProject.release.xcconfig */;
			buildSettings = {
				ASSETCATALOG_COMPILER_APPICON_NAME = AppIcon;
				CODE_SIGN_STYLE = Automatic;
				DEVELOPMENT_TEAM = N3H5U54E25;
				INFOPLIST_FILE = "$(SRCROOT)/HeyYouProject/Supporting Files/Info.plist";
				IPHONEOS_DEPLOYMENT_TARGET = 11.0;
				LD_RUNPATH_SEARCH_PATHS = "$(inherited) @executable_path/Frameworks";
				PRODUCT_BUNDLE_IDENTIFIER = com.huuphongnguyen.heyyouproject.HeyYouProject;
				PRODUCT_NAME = "$(TARGET_NAME)";
				SWIFT_VERSION = 4.0;
				TARGETED_DEVICE_FAMILY = "1,2";
			};
			name = Release;
		};
/* End XCBuildConfiguration section */

/* Begin XCConfigurationList section */
		86BFCA871F75279300C9F50C /* Build configuration list for PBXProject "HeyYouProject" */ = {
			isa = XCConfigurationList;
			buildConfigurations = (
				86BFCA9F1F75279300C9F50C /* Debug */,
				86BFCAA01F75279300C9F50C /* Release */,
			);
			defaultConfigurationIsVisible = 0;
			defaultConfigurationName = Release;
		};
		86BFCAA11F75279300C9F50C /* Build configuration list for PBXNativeTarget "HeyYouProject" */ = {
			isa = XCConfigurationList;
			buildConfigurations = (
				86BFCAA21F75279300C9F50C /* Debug */,
				86BFCAA31F75279300C9F50C /* Release */,
			);
			defaultConfigurationIsVisible = 0;
			defaultConfigurationName = Release;
		};
/* End XCConfigurationList section */

/* Begin XCVersionGroup section */
		86BFCA961F75279300C9F50C /* HeyYouProject.xcdatamodeld */ = {
			isa = XCVersionGroup;
			children = (
				86BFCA971F75279300C9F50C /* HeyYouProject.xcdatamodel */,
			);
			currentVersion = 86BFCA971F75279300C9F50C /* HeyYouProject.xcdatamodel */;
			path = HeyYouProject.xcdatamodeld;
			sourceTree = "<group>";
			versionGroupType = wrapper.xcdatamodel;
		};
/* End XCVersionGroup section */
	};
	rootObject = 86BFCA841F75279300C9F50C /* Project object */;
}
